
Microsoft Visual Studio Solution File, Format Version 12.00
# Visual Studio Version 17
VisualStudioVersion = 17.8.34330.188
MinimumVisualStudioVersion = 10.0.40219.1
Project("{FAE04EC0-301F-11D3-BF4B-00C04F79EFBC}") = "backend_api", "backend-api\backend_api.csproj", "{B83F3183-F4E1-487D-8565-684010A225DE}"
EndProject
Global
	GlobalSection(SolutionConfigurationPlatforms) = preSolution
		Debug|Any CPU = Debug|Any CPU
		Release|Any CPU = Release|Any CPU
	EndGlobalSection
	GlobalSection(ProjectConfigurationPlatforms) = postSolution
		{B83F3183-F4E1-487D-8565-684010A225DE}.Debug|Any CPU.ActiveCfg = Debug|Any CPU
		{B83F3183-F4E1-487D-8565-684010A225DE}.Debug|Any CPU.Build.0 = Debug|Any CPU
		{B83F3183-F4E1-487D-8565-684010A225DE}.Release|Any CPU.ActiveCfg = Release|Any CPU
		{B83F3183-F4E1-487D-8565-684010A225DE}.Release|Any CPU.Build.0 = Release|Any CPU
	EndGlobalSection
	GlobalSection(SolutionProperties) = preSolution
		HideSolutionNode = FALSE
	EndGlobalSection
	GlobalSection(ExtensibilityGlobals) = postSolution
		SolutionGuid = {1080A4B2-544A-4CE2-B119-7855CC8A5371}
	EndGlobalSection
EndGlobal
